// !$*UTF8*$!
{
	archiveVersion = 1;
	classes = {
	};
	objectVersion = 46;
	objects = {

/* Begin PBXBuildFile section */
		B6072AA619BAD11A00052C59 /* Localizable.strings in Resources */ = {isa = PBXBuildFile; fileRef = B6072AA419BAD11A00052C59 /* Localizable.strings */; };
		B6072AAE19BAD5C300052C59 /* Enumerations.m in Sources */ = {isa = PBXBuildFile; fileRef = B6072AAB19BAD5C300052C59 /* Enumerations.m */; };
		B6072AAF19BAD5C300052C59 /* MMBarButtonItem.m in Sources */ = {isa = PBXBuildFile; fileRef = B6072AAD19BAD5C300052C59 /* MMBarButtonItem.m */; };
		B617A706180F40D000189688 /* AppIcon29x29.png in Resources */ = {isa = PBXBuildFile; fileRef = B617A6FE180F40D000189688 /* AppIcon29x29.png */; };
		B617A707180F40D000189688 /* AppIcon29x29@2x.png in Resources */ = {isa = PBXBuildFile; fileRef = B617A6FF180F40D000189688 /* AppIcon29x29@2x.png */; };
		B617A708180F40D000189688 /* AppIcon40x40.png in Resources */ = {isa = PBXBuildFile; fileRef = B617A700180F40D000189688 /* AppIcon40x40.png */; };
		B617A709180F40D000189688 /* AppIcon40x40@2x.png in Resources */ = {isa = PBXBuildFile; fileRef = B617A701180F40D000189688 /* AppIcon40x40@2x.png */; };
		B617A70A180F40D000189688 /* AppIcon60x60.png in Resources */ = {isa = PBXBuildFile; fileRef = B617A702180F40D000189688 /* AppIcon60x60.png */; };
		B617A70B180F40D000189688 /* AppIcon60x60@2x.png in Resources */ = {isa = PBXBuildFile; fileRef = B617A703180F40D000189688 /* AppIcon60x60@2x.png */; };
		B617A70C180F40D000189688 /* AppIcon76x76.png in Resources */ = {isa = PBXBuildFile; fileRef = B617A704180F40D000189688 /* AppIcon76x76.png */; };
		B617A70D180F40D000189688 /* AppIcon76x76@2x.png in Resources */ = {isa = PBXBuildFile; fileRef = B617A705180F40D000189688 /* AppIcon76x76@2x.png */; };
		B617A713180F41B900189688 /* Launchimage_iPhone4.png in Resources */ = {isa = PBXBuildFile; fileRef = B617A712180F41B900189688 /* Launchimage_iPhone4.png */; };
		B617A715180F420D00189688 /* Launchimage_iPhone5.png in Resources */ = {isa = PBXBuildFile; fileRef = B617A714180F420D00189688 /* Launchimage_iPhone5.png */; };
		B617A717180F423E00189688 /* App Icon.png in Resources */ = {isa = PBXBuildFile; fileRef = B617A716180F423E00189688 /* App Icon.png */; };
		B617A719180FE42B00189688 /* IPhone5_Background.png in Resources */ = {isa = PBXBuildFile; fileRef = B617A718180FE42B00189688 /* IPhone5_Background.png */; };
		B63E900E17A48D65003EC11D /* DetailViewController.m in Sources */ = {isa = PBXBuildFile; fileRef = B63E900D17A48D65003EC11D /* DetailViewController.m */; };
		B653E820180ADC79004C1D39 /* libz.dylib in Frameworks */ = {isa = PBXBuildFile; fileRef = B653E81F180ADC79004C1D39 /* libz.dylib */; };
		B665A54A17A7550900CC5A74 /* AddExamController.m in Sources */ = {isa = PBXBuildFile; fileRef = B665A54917A7550900CC5A74 /* AddExamController.m */; };
		B66E5DA719B39D9F00705C2B /* MMPreferencesTableViewController.m in Sources */ = {isa = PBXBuildFile; fileRef = B66E5DA619B39D9F00705C2B /* MMPreferencesTableViewController.m */; };
		B66E5DAA19B3A06200705C2B /* Subject.m in Sources */ = {isa = PBXBuildFile; fileRef = B66E5DA919B3A06200705C2B /* Subject.m */; };
		B66E5DAD19B3A82B00705C2B /* MMChooseCalculationType.m in Sources */ = {isa = PBXBuildFile; fileRef = B66E5DAC19B3A82B00705C2B /* MMChooseCalculationType.m */; };
		B66E5DB019B3A83800705C2B /* MMChooseSemester.m in Sources */ = {isa = PBXBuildFile; fileRef = B66E5DAF19B3A83800705C2B /* MMChooseSemester.m */; };
		B672498319BB363800FAA1D0 /* MMNavigationViewButton.m in Sources */ = {isa = PBXBuildFile; fileRef = B672498219BB363800FAA1D0 /* MMNavigationViewButton.m */; };
		B681889519B0AF7800F0532C /* CoreData.framework in Frameworks */ = {isa = PBXBuildFile; fileRef = B681889419B0AF7800F0532C /* CoreData.framework */; };
		B681889819B0AFA200F0532C /* Model.xcdatamodeld in Sources */ = {isa = PBXBuildFile; fileRef = B681889619B0AFA200F0532C /* Model.xcdatamodeld */; };
		B681889E19B0BEF700F0532C /* DataStore.m in Sources */ = {isa = PBXBuildFile; fileRef = B681889D19B0BEF700F0532C /* DataStore.m */; };
		B68188A219B0C08C00F0532C /* Exam.m in Sources */ = {isa = PBXBuildFile; fileRef = B68188A119B0C08C00F0532C /* Exam.m */; };
		B68188B519B0CC3300F0532C /* MMFactory.m in Sources */ = {isa = PBXBuildFile; fileRef = B68188B419B0CC3300F0532C /* MMFactory.m */; };
		B681AF89180B46EB00A058CC /* EditIcon.png in Resources */ = {isa = PBXBuildFile; fileRef = B681AF88180B46EB00A058CC /* EditIcon.png */; };
		B6C1FD6F17DE33E000E8DC2F /* AudioToolbox.framework in Frameworks */ = {isa = PBXBuildFile; fileRef = B6C1FD6D17DE33E000E8DC2F /* AudioToolbox.framework */; };
		B6C1FD7917DE341E00E8DC2F /* CFNetwork.framework in Frameworks */ = {isa = PBXBuildFile; fileRef = B6C1FD7117DE341E00E8DC2F /* CFNetwork.framework */; };
		B6C1FD7A17DE341E00E8DC2F /* CoreLocation.framework in Frameworks */ = {isa = PBXBuildFile; fileRef = B6C1FD7217DE341E00E8DC2F /* CoreLocation.framework */; };
		B6C1FD7B17DE341E00E8DC2F /* libz.1.1.3.dylib in Frameworks */ = {isa = PBXBuildFile; fileRef = B6C1FD7317DE341E00E8DC2F /* libz.1.1.3.dylib */; };
		B6C1FD7C17DE341E00E8DC2F /* MobileCoreServices.framework in Frameworks */ = {isa = PBXBuildFile; fileRef = B6C1FD7417DE341E00E8DC2F /* MobileCoreServices.framework */; };
		B6C1FD7D17DE341E00E8DC2F /* QuartzCore.framework in Frameworks */ = {isa = PBXBuildFile; fileRef = B6C1FD7517DE341E00E8DC2F /* QuartzCore.framework */; };
		B6C1FD7E17DE341E00E8DC2F /* Security.framework in Frameworks */ = {isa = PBXBuildFile; fileRef = B6C1FD7617DE341E00E8DC2F /* Security.framework */; };
		B6C1FD8017DE341E00E8DC2F /* SystemConfiguration.framework in Frameworks */ = {isa = PBXBuildFile; fileRef = B6C1FD7817DE341E00E8DC2F /* SystemConfiguration.framework */; };
		B6C2012A17E207CC007F32B3 /* MessageUI.framework in Frameworks */ = {isa = PBXBuildFile; fileRef = B6C2012917E207CC007F32B3 /* MessageUI.framework */; };
		B6D6BDA417A31CBB00B3B09F /* Foundation.framework in Frameworks */ = {isa = PBXBuildFile; fileRef = B6D6BDA317A31CBB00B3B09F /* Foundation.framework */; };
		B6D6BDA817A31CBB00B3B09F /* UIKit.framework in Frameworks */ = {isa = PBXBuildFile; fileRef = B6D6BDA717A31CBB00B3B09F /* UIKit.framework */; };
		B6D6BDAE17A31CBB00B3B09F /* InfoPlist.strings in Resources */ = {isa = PBXBuildFile; fileRef = B6D6BDAC17A31CBB00B3B09F /* InfoPlist.strings */; };
		B6D6BDB017A31CBB00B3B09F /* main.m in Sources */ = {isa = PBXBuildFile; fileRef = B6D6BDAF17A31CBB00B3B09F /* main.m */; };
		B6D6BDB417A31CBB00B3B09F /* AppDelegate.m in Sources */ = {isa = PBXBuildFile; fileRef = B6D6BDB317A31CBB00B3B09F /* AppDelegate.m */; };
		B6D6BDB717A31CBB00B3B09F /* Main.storyboard in Resources */ = {isa = PBXBuildFile; fileRef = B6D6BDB517A31CBB00B3B09F /* Main.storyboard */; };
		B6D6BDBC17A31CBC00B3B09F /* Images.xcassets in Resources */ = {isa = PBXBuildFile; fileRef = B6D6BDBB17A31CBC00B3B09F /* Images.xcassets */; };
		B6D6BDDA17A31D1000B3B09F /* TableViewController.m in Sources */ = {isa = PBXBuildFile; fileRef = B6D6BDD917A31D1000B3B09F /* TableViewController.m */; };
/* End PBXBuildFile section */

/* Begin PBXFileReference section */
		B6072A9F19BA509C00052C59 /* de */ = {isa = PBXFileReference; lastKnownFileType = text.plist.strings; name = de; path = de.lproj/Main.strings; sourceTree = "<group>"; };
		B6072AA019BA509C00052C59 /* de */ = {isa = PBXFileReference; lastKnownFileType = text.plist.strings; name = de; path = de.lproj/InfoPlist.strings; sourceTree = "<group>"; };
		B6072AA819BAD14400052C59 /* en */ = {isa = PBXFileReference; lastKnownFileType = text.plist.strings; name = en; path = en.lproj/Localizable.strings; sourceTree = "<group>"; };
		B6072AA919BAD15600052C59 /* de */ = {isa = PBXFileReference; lastKnownFileType = text.plist.strings; name = de; path = de.lproj/Localizable.strings; sourceTree = "<group>"; };
		B6072AAA19BAD5C300052C59 /* Enumerations.h */ = {isa = PBXFileReference; fileEncoding = 4; lastKnownFileType = sourcecode.c.h; path = Enumerations.h; sourceTree = "<group>"; };
		B6072AAB19BAD5C300052C59 /* Enumerations.m */ = {isa = PBXFileReference; fileEncoding = 4; lastKnownFileType = sourcecode.c.objc; path = Enumerations.m; sourceTree = "<group>"; };
		B6072AAC19BAD5C300052C59 /* MMBarButtonItem.h */ = {isa = PBXFileReference; fileEncoding = 4; lastKnownFileType = sourcecode.c.h; path = MMBarButtonItem.h; sourceTree = "<group>"; };
		B6072AAD19BAD5C300052C59 /* MMBarButtonItem.m */ = {isa = PBXFileReference; fileEncoding = 4; lastKnownFileType = sourcecode.c.objc; path = MMBarButtonItem.m; sourceTree = "<group>"; };
		B617A6FE180F40D000189688 /* AppIcon29x29.png */ = {isa = PBXFileReference; lastKnownFileType = image.png; path = AppIcon29x29.png; sourceTree = "<group>"; };
		B617A6FF180F40D000189688 /* AppIcon29x29@2x.png */ = {isa = PBXFileReference; lastKnownFileType = image.png; path = "AppIcon29x29@2x.png"; sourceTree = "<group>"; };
		B617A700180F40D000189688 /* AppIcon40x40.png */ = {isa = PBXFileReference; lastKnownFileType = image.png; path = AppIcon40x40.png; sourceTree = "<group>"; };
		B617A701180F40D000189688 /* AppIcon40x40@2x.png */ = {isa = PBXFileReference; lastKnownFileType = image.png; path = "AppIcon40x40@2x.png"; sourceTree = "<group>"; };
		B617A702180F40D000189688 /* AppIcon60x60.png */ = {isa = PBXFileReference; lastKnownFileType = image.png; path = AppIcon60x60.png; sourceTree = "<group>"; };
		B617A703180F40D000189688 /* AppIcon60x60@2x.png */ = {isa = PBXFileReference; lastKnownFileType = image.png; path = "AppIcon60x60@2x.png"; sourceTree = "<group>"; };
		B617A704180F40D000189688 /* AppIcon76x76.png */ = {isa = PBXFileReference; lastKnownFileType = image.png; path = AppIcon76x76.png; sourceTree = "<group>"; };
		B617A705180F40D000189688 /* AppIcon76x76@2x.png */ = {isa = PBXFileReference; lastKnownFileType = image.png; path = "AppIcon76x76@2x.png"; sourceTree = "<group>"; };
		B617A712180F41B900189688 /* Launchimage_iPhone4.png */ = {isa = PBXFileReference; lastKnownFileType = image.png; path = Launchimage_iPhone4.png; sourceTree = "<group>"; };
		B617A714180F420D00189688 /* Launchimage_iPhone5.png */ = {isa = PBXFileReference; lastKnownFileType = image.png; path = Launchimage_iPhone5.png; sourceTree = "<group>"; };
		B617A716180F423E00189688 /* App Icon.png */ = {isa = PBXFileReference; lastKnownFileType = image.png; path = "App Icon.png"; sourceTree = "<group>"; };
		B617A718180FE42B00189688 /* IPhone5_Background.png */ = {isa = PBXFileReference; lastKnownFileType = image.png; path = IPhone5_Background.png; sourceTree = "<group>"; };
		B63E900C17A48D65003EC11D /* DetailViewController.h */ = {isa = PBXFileReference; fileEncoding = 4; lastKnownFileType = sourcecode.c.h; path = DetailViewController.h; sourceTree = "<group>"; };
		B63E900D17A48D65003EC11D /* DetailViewController.m */ = {isa = PBXFileReference; fileEncoding = 4; lastKnownFileType = sourcecode.c.objc; path = DetailViewController.m; sourceTree = "<group>"; };
		B653E81F180ADC79004C1D39 /* libz.dylib */ = {isa = PBXFileReference; lastKnownFileType = "compiled.mach-o.dylib"; name = libz.dylib; path = usr/lib/libz.dylib; sourceTree = SDKROOT; };
		B665A54817A7550900CC5A74 /* AddExamController.h */ = {isa = PBXFileReference; fileEncoding = 4; lastKnownFileType = sourcecode.c.h; path = AddExamController.h; sourceTree = "<group>"; };
		B665A54917A7550900CC5A74 /* AddExamController.m */ = {isa = PBXFileReference; fileEncoding = 4; lastKnownFileType = sourcecode.c.objc; path = AddExamController.m; sourceTree = "<group>"; };
		B66E5DA519B39D9F00705C2B /* MMPreferencesTableViewController.h */ = {isa = PBXFileReference; fileEncoding = 4; lastKnownFileType = sourcecode.c.h; path = MMPreferencesTableViewController.h; sourceTree = "<group>"; };
		B66E5DA619B39D9F00705C2B /* MMPreferencesTableViewController.m */ = {isa = PBXFileReference; fileEncoding = 4; lastKnownFileType = sourcecode.c.objc; path = MMPreferencesTableViewController.m; sourceTree = "<group>"; };
		B66E5DA819B3A06200705C2B /* Subject.h */ = {isa = PBXFileReference; fileEncoding = 4; lastKnownFileType = sourcecode.c.h; path = Subject.h; sourceTree = "<group>"; };
		B66E5DA919B3A06200705C2B /* Subject.m */ = {isa = PBXFileReference; fileEncoding = 4; lastKnownFileType = sourcecode.c.objc; path = Subject.m; sourceTree = "<group>"; };
		B66E5DAB19B3A82B00705C2B /* MMChooseCalculationType.h */ = {isa = PBXFileReference; fileEncoding = 4; lastKnownFileType = sourcecode.c.h; path = MMChooseCalculationType.h; sourceTree = "<group>"; };
		B66E5DAC19B3A82B00705C2B /* MMChooseCalculationType.m */ = {isa = PBXFileReference; fileEncoding = 4; lastKnownFileType = sourcecode.c.objc; path = MMChooseCalculationType.m; sourceTree = "<group>"; };
		B66E5DAE19B3A83800705C2B /* MMChooseSemester.h */ = {isa = PBXFileReference; fileEncoding = 4; lastKnownFileType = sourcecode.c.h; path = MMChooseSemester.h; sourceTree = "<group>"; };
		B66E5DAF19B3A83800705C2B /* MMChooseSemester.m */ = {isa = PBXFileReference; fileEncoding = 4; lastKnownFileType = sourcecode.c.objc; path = MMChooseSemester.m; sourceTree = "<group>"; };
		B672498119BB363800FAA1D0 /* MMNavigationViewButton.h */ = {isa = PBXFileReference; fileEncoding = 4; lastKnownFileType = sourcecode.c.h; path = MMNavigationViewButton.h; sourceTree = "<group>"; };
		B672498219BB363800FAA1D0 /* MMNavigationViewButton.m */ = {isa = PBXFileReference; fileEncoding = 4; lastKnownFileType = sourcecode.c.objc; path = MMNavigationViewButton.m; sourceTree = "<group>"; };
		B681889419B0AF7800F0532C /* CoreData.framework */ = {isa = PBXFileReference; lastKnownFileType = wrapper.framework; name = CoreData.framework; path = System/Library/Frameworks/CoreData.framework; sourceTree = SDKROOT; };
		B681889719B0AFA200F0532C /* Model.xcdatamodel */ = {isa = PBXFileReference; lastKnownFileType = wrapper.xcdatamodel; path = Model.xcdatamodel; sourceTree = "<group>"; };
		B681889C19B0BEF700F0532C /* DataStore.h */ = {isa = PBXFileReference; fileEncoding = 4; lastKnownFileType = sourcecode.c.h; path = DataStore.h; sourceTree = "<group>"; };
		B681889D19B0BEF700F0532C /* DataStore.m */ = {isa = PBXFileReference; fileEncoding = 4; lastKnownFileType = sourcecode.c.objc; path = DataStore.m; sourceTree = "<group>"; };
		B68188A019B0C08C00F0532C /* Exam.h */ = {isa = PBXFileReference; fileEncoding = 4; lastKnownFileType = sourcecode.c.h; path = Exam.h; sourceTree = "<group>"; };
		B68188A119B0C08C00F0532C /* Exam.m */ = {isa = PBXFileReference; fileEncoding = 4; lastKnownFileType = sourcecode.c.objc; path = Exam.m; sourceTree = "<group>"; };
		B68188B319B0CC3300F0532C /* MMFactory.h */ = {isa = PBXFileReference; fileEncoding = 4; lastKnownFileType = sourcecode.c.h; path = MMFactory.h; sourceTree = "<group>"; };
		B68188B419B0CC3300F0532C /* MMFactory.m */ = {isa = PBXFileReference; fileEncoding = 4; lastKnownFileType = sourcecode.c.objc; path = MMFactory.m; sourceTree = "<group>"; };
		B681AF88180B46EB00A058CC /* EditIcon.png */ = {isa = PBXFileReference; lastKnownFileType = image.png; path = EditIcon.png; sourceTree = "<group>"; };
		B6C1FD6D17DE33E000E8DC2F /* AudioToolbox.framework */ = {isa = PBXFileReference; lastKnownFileType = wrapper.framework; name = AudioToolbox.framework; path = System/Library/Frameworks/AudioToolbox.framework; sourceTree = SDKROOT; };
		B6C1FD6E17DE33E000E8DC2F /* AudioUnit.framework */ = {isa = PBXFileReference; lastKnownFileType = wrapper.framework; name = AudioUnit.framework; path = System/Library/Frameworks/AudioUnit.framework; sourceTree = SDKROOT; };
		B6C1FD7117DE341E00E8DC2F /* CFNetwork.framework */ = {isa = PBXFileReference; lastKnownFileType = wrapper.framework; name = CFNetwork.framework; path = System/Library/Frameworks/CFNetwork.framework; sourceTree = SDKROOT; };
		B6C1FD7217DE341E00E8DC2F /* CoreLocation.framework */ = {isa = PBXFileReference; lastKnownFileType = wrapper.framework; name = CoreLocation.framework; path = System/Library/Frameworks/CoreLocation.framework; sourceTree = SDKROOT; };
		B6C1FD7317DE341E00E8DC2F /* libz.1.1.3.dylib */ = {isa = PBXFileReference; lastKnownFileType = "compiled.mach-o.dylib"; name = libz.1.1.3.dylib; path = usr/lib/libz.1.1.3.dylib; sourceTree = SDKROOT; };
		B6C1FD7417DE341E00E8DC2F /* MobileCoreServices.framework */ = {isa = PBXFileReference; lastKnownFileType = wrapper.framework; name = MobileCoreServices.framework; path = System/Library/Frameworks/MobileCoreServices.framework; sourceTree = SDKROOT; };
		B6C1FD7517DE341E00E8DC2F /* QuartzCore.framework */ = {isa = PBXFileReference; lastKnownFileType = wrapper.framework; name = QuartzCore.framework; path = System/Library/Frameworks/QuartzCore.framework; sourceTree = SDKROOT; };
		B6C1FD7617DE341E00E8DC2F /* Security.framework */ = {isa = PBXFileReference; lastKnownFileType = wrapper.framework; name = Security.framework; path = System/Library/Frameworks/Security.framework; sourceTree = SDKROOT; };
		B6C1FD7817DE341E00E8DC2F /* SystemConfiguration.framework */ = {isa = PBXFileReference; lastKnownFileType = wrapper.framework; name = SystemConfiguration.framework; path = System/Library/Frameworks/SystemConfiguration.framework; sourceTree = SDKROOT; };
		B6C2012917E207CC007F32B3 /* MessageUI.framework */ = {isa = PBXFileReference; lastKnownFileType = wrapper.framework; name = MessageUI.framework; path = System/Library/Frameworks/MessageUI.framework; sourceTree = SDKROOT; };
		B6D6BDA017A31CBB00B3B09F /* Notenapplikation.app */ = {isa = PBXFileReference; explicitFileType = wrapper.application; includeInIndex = 0; path = Notenapplikation.app; sourceTree = BUILT_PRODUCTS_DIR; };
		B6D6BDA317A31CBB00B3B09F /* Foundation.framework */ = {isa = PBXFileReference; lastKnownFileType = wrapper.framework; name = Foundation.framework; path = System/Library/Frameworks/Foundation.framework; sourceTree = SDKROOT; };
		B6D6BDA517A31CBB00B3B09F /* CoreGraphics.framework */ = {isa = PBXFileReference; lastKnownFileType = wrapper.framework; name = CoreGraphics.framework; path = System/Library/Frameworks/CoreGraphics.framework; sourceTree = SDKROOT; };
		B6D6BDA717A31CBB00B3B09F /* UIKit.framework */ = {isa = PBXFileReference; lastKnownFileType = wrapper.framework; name = UIKit.framework; path = System/Library/Frameworks/UIKit.framework; sourceTree = SDKROOT; };
		B6D6BDAB17A31CBB00B3B09F /* Notenapplikation-Info.plist */ = {isa = PBXFileReference; lastKnownFileType = text.plist.xml; path = "Notenapplikation-Info.plist"; sourceTree = "<group>"; };
		B6D6BDAD17A31CBB00B3B09F /* en */ = {isa = PBXFileReference; lastKnownFileType = text.plist.strings; name = en; path = en.lproj/InfoPlist.strings; sourceTree = "<group>"; };
		B6D6BDAF17A31CBB00B3B09F /* main.m */ = {isa = PBXFileReference; lastKnownFileType = sourcecode.c.objc; path = main.m; sourceTree = "<group>"; };
		B6D6BDB117A31CBB00B3B09F /* Notenapplikation-Prefix.pch */ = {isa = PBXFileReference; lastKnownFileType = sourcecode.c.h; path = "Notenapplikation-Prefix.pch"; sourceTree = "<group>"; };
		B6D6BDB217A31CBB00B3B09F /* AppDelegate.h */ = {isa = PBXFileReference; lastKnownFileType = sourcecode.c.h; path = AppDelegate.h; sourceTree = "<group>"; };
		B6D6BDB317A31CBB00B3B09F /* AppDelegate.m */ = {isa = PBXFileReference; lastKnownFileType = sourcecode.c.objc; path = AppDelegate.m; sourceTree = "<group>"; };
		B6D6BDB617A31CBB00B3B09F /* Base */ = {isa = PBXFileReference; lastKnownFileType = file.storyboard; name = Base; path = Base.lproj/Main.storyboard; sourceTree = "<group>"; };
		B6D6BDBB17A31CBC00B3B09F /* Images.xcassets */ = {isa = PBXFileReference; lastKnownFileType = folder.assetcatalog; path = Images.xcassets; sourceTree = "<group>"; };
		B6D6BDC217A31CBC00B3B09F /* XCTest.framework */ = {isa = PBXFileReference; lastKnownFileType = wrapper.framework; name = XCTest.framework; path = Library/Frameworks/XCTest.framework; sourceTree = DEVELOPER_DIR; };
		B6D6BDD817A31D1000B3B09F /* TableViewController.h */ = {isa = PBXFileReference; fileEncoding = 4; lastKnownFileType = sourcecode.c.h; path = TableViewController.h; sourceTree = "<group>"; };
		B6D6BDD917A31D1000B3B09F /* TableViewController.m */ = {isa = PBXFileReference; fileEncoding = 4; lastKnownFileType = sourcecode.c.objc; path = TableViewController.m; sourceTree = "<group>"; };
/* End PBXFileReference section */

/* Begin PBXFrameworksBuildPhase section */
		B6D6BD9D17A31CBB00B3B09F /* Frameworks */ = {
			isa = PBXFrameworksBuildPhase;
			buildActionMask = 2147483647;
			files = (
				B681889519B0AF7800F0532C /* CoreData.framework in Frameworks */,
				B653E820180ADC79004C1D39 /* libz.dylib in Frameworks */,
				B6C2012A17E207CC007F32B3 /* MessageUI.framework in Frameworks */,
				B6C1FD7917DE341E00E8DC2F /* CFNetwork.framework in Frameworks */,
				B6C1FD7A17DE341E00E8DC2F /* CoreLocation.framework in Frameworks */,
				B6C1FD7B17DE341E00E8DC2F /* libz.1.1.3.dylib in Frameworks */,
				B6C1FD7C17DE341E00E8DC2F /* MobileCoreServices.framework in Frameworks */,
				B6C1FD7D17DE341E00E8DC2F /* QuartzCore.framework in Frameworks */,
				B6C1FD7E17DE341E00E8DC2F /* Security.framework in Frameworks */,
				B6C1FD8017DE341E00E8DC2F /* SystemConfiguration.framework in Frameworks */,
				B6C1FD6F17DE33E000E8DC2F /* AudioToolbox.framework in Frameworks */,
				B6D6BDA817A31CBB00B3B09F /* UIKit.framework in Frameworks */,
				B6D6BDA417A31CBB00B3B09F /* Foundation.framework in Frameworks */,
			);
			runOnlyForDeploymentPostprocessing = 0;
		};
/* End PBXFrameworksBuildPhase section */

/* Begin PBXGroup section */
		B6C0F3C417CBB2BE00B40098 /* Model */ = {
			isa = PBXGroup;
			children = (
				B681889619B0AFA200F0532C /* Model.xcdatamodeld */,
				B66E5DA819B3A06200705C2B /* Subject.h */,
				B66E5DA919B3A06200705C2B /* Subject.m */,
				B68188A019B0C08C00F0532C /* Exam.h */,
				B68188A119B0C08C00F0532C /* Exam.m */,
				B681889C19B0BEF700F0532C /* DataStore.h */,
				B681889D19B0BEF700F0532C /* DataStore.m */,
			);
			name = Model;
			sourceTree = "<group>";
		};
		B6C0F3C517CBB2CE00B40098 /* Controller */ = {
			isa = PBXGroup;
			children = (
				B68188B319B0CC3300F0532C /* MMFactory.h */,
				B68188B419B0CC3300F0532C /* MMFactory.m */,
				B6072AAA19BAD5C300052C59 /* Enumerations.h */,
				B6072AAB19BAD5C300052C59 /* Enumerations.m */,
				B6072AAC19BAD5C300052C59 /* MMBarButtonItem.h */,
				B6072AAD19BAD5C300052C59 /* MMBarButtonItem.m */,
				B672498119BB363800FAA1D0 /* MMNavigationViewButton.h */,
				B672498219BB363800FAA1D0 /* MMNavigationViewButton.m */,
				B6D6BDB217A31CBB00B3B09F /* AppDelegate.h */,
				B6D6BDB317A31CBB00B3B09F /* AppDelegate.m */,
				B6D6BDD817A31D1000B3B09F /* TableViewController.h */,
				B6D6BDD917A31D1000B3B09F /* TableViewController.m */,
				B63E900C17A48D65003EC11D /* DetailViewController.h */,
				B63E900D17A48D65003EC11D /* DetailViewController.m */,
				B665A54817A7550900CC5A74 /* AddExamController.h */,
				B665A54917A7550900CC5A74 /* AddExamController.m */,
				B66E5DA519B39D9F00705C2B /* MMPreferencesTableViewController.h */,
				B66E5DA619B39D9F00705C2B /* MMPreferencesTableViewController.m */,
				B66E5DAB19B3A82B00705C2B /* MMChooseCalculationType.h */,
				B66E5DAC19B3A82B00705C2B /* MMChooseCalculationType.m */,
				B66E5DAE19B3A83800705C2B /* MMChooseSemester.h */,
				B66E5DAF19B3A83800705C2B /* MMChooseSemester.m */,
			);
			name = Controller;
			sourceTree = "<group>";
		};
		B6C0F3C617CBB2FD00B40098 /* View */ = {
			isa = PBXGroup;
			children = (
				B6D6BDB517A31CBB00B3B09F /* Main.storyboard */,
			);
			name = View;
			sourceTree = "<group>";
		};
		B6D6BD9717A31CBB00B3B09F = {
			isa = PBXGroup;
			children = (
				B6D6BDA917A31CBB00B3B09F /* MyMarks-Beta */,
				B6D6BDA217A31CBB00B3B09F /* Frameworks */,
				B6D6BDA117A31CBB00B3B09F /* Products */,
			);
			sourceTree = "<group>";
		};
		B6D6BDA117A31CBB00B3B09F /* Products */ = {
			isa = PBXGroup;
			children = (
				B6D6BDA017A31CBB00B3B09F /* Notenapplikation.app */,
			);
			name = Products;
			sourceTree = "<group>";
		};
		B6D6BDA217A31CBB00B3B09F /* Frameworks */ = {
			isa = PBXGroup;
			children = (
				B681889419B0AF7800F0532C /* CoreData.framework */,
				B653E81F180ADC79004C1D39 /* libz.dylib */,
				B6C2012917E207CC007F32B3 /* MessageUI.framework */,
				B6C1FD7117DE341E00E8DC2F /* CFNetwork.framework */,
				B6C1FD7217DE341E00E8DC2F /* CoreLocation.framework */,
				B6C1FD7317DE341E00E8DC2F /* libz.1.1.3.dylib */,
				B6C1FD7417DE341E00E8DC2F /* MobileCoreServices.framework */,
				B6C1FD7517DE341E00E8DC2F /* QuartzCore.framework */,
				B6C1FD7617DE341E00E8DC2F /* Security.framework */,
				B6C1FD7817DE341E00E8DC2F /* SystemConfiguration.framework */,
				B6C1FD6D17DE33E000E8DC2F /* AudioToolbox.framework */,
				B6C1FD6E17DE33E000E8DC2F /* AudioUnit.framework */,
				B6D6BDA317A31CBB00B3B09F /* Foundation.framework */,
				B6D6BDA517A31CBB00B3B09F /* CoreGraphics.framework */,
				B6D6BDA717A31CBB00B3B09F /* UIKit.framework */,
				B6D6BDC217A31CBC00B3B09F /* XCTest.framework */,
			);
			name = Frameworks;
			sourceTree = "<group>";
		};
		B6D6BDA917A31CBB00B3B09F /* MyMarks-Beta */ = {
			isa = PBXGroup;
			children = (
				B6C0F3C417CBB2BE00B40098 /* Model */,
				B6C0F3C617CBB2FD00B40098 /* View */,
				B6C0F3C517CBB2CE00B40098 /* Controller */,
				B6D6BDBB17A31CBC00B3B09F /* Images.xcassets */,
				B6E4D8F018032D9800A51E64 /* Supporting Files */,
			);
			path = "MyMarks-Beta";
			sourceTree = "<group>";
		};
		B6D6BDAA17A31CBB00B3B09F /* AppIcons */ = {
			isa = PBXGroup;
			children = (
				B617A6FE180F40D000189688 /* AppIcon29x29.png */,
				B617A6FF180F40D000189688 /* AppIcon29x29@2x.png */,
				B617A700180F40D000189688 /* AppIcon40x40.png */,
				B617A701180F40D000189688 /* AppIcon40x40@2x.png */,
				B617A702180F40D000189688 /* AppIcon60x60.png */,
				B617A703180F40D000189688 /* AppIcon60x60@2x.png */,
				B617A704180F40D000189688 /* AppIcon76x76.png */,
				B617A705180F40D000189688 /* AppIcon76x76@2x.png */,
			);
			name = AppIcons;
			sourceTree = "<group>";
		};
		B6DDD22618145E0D00D5BD53 /* Bilder */ = {
			isa = PBXGroup;
			children = (
				B617A718180FE42B00189688 /* IPhone5_Background.png */,
				B681AF88180B46EB00A058CC /* EditIcon.png */,
				B617A716180F423E00189688 /* App Icon.png */,
				B6E4D9071803362B00A51E64 /* LaunchImages */,
				B6D6BDAA17A31CBB00B3B09F /* AppIcons */,
			);
			name = Bilder;
			sourceTree = "<group>";
		};
		B6E4D8F018032D9800A51E64 /* Supporting Files */ = {
			isa = PBXGroup;
			children = (
				B6DDD22618145E0D00D5BD53 /* Bilder */,
				B6D6BDAB17A31CBB00B3B09F /* Notenapplikation-Info.plist */,
				B6D6BDAC17A31CBB00B3B09F /* InfoPlist.strings */,
				B6D6BDAF17A31CBB00B3B09F /* main.m */,
				B6D6BDB117A31CBB00B3B09F /* Notenapplikation-Prefix.pch */,
				B6072AA419BAD11A00052C59 /* Localizable.strings */,
			);
			name = "Supporting Files";
			sourceTree = "<group>";
		};
		B6E4D9071803362B00A51E64 /* LaunchImages */ = {
			isa = PBXGroup;
			children = (
				B617A714180F420D00189688 /* Launchimage_iPhone5.png */,
				B617A712180F41B900189688 /* Launchimage_iPhone4.png */,
			);
			name = LaunchImages;
			sourceTree = "<group>";
		};
/* End PBXGroup section */

/* Begin PBXNativeTarget section */
		B6D6BD9F17A31CBB00B3B09F /* Notenapplikation */ = {
			isa = PBXNativeTarget;
			buildConfigurationList = B6D6BDD217A31CBC00B3B09F /* Build configuration list for PBXNativeTarget "Notenapplikation" */;
			buildPhases = (
				B6D6BD9C17A31CBB00B3B09F /* Sources */,
				B6D6BD9D17A31CBB00B3B09F /* Frameworks */,
				B6D6BD9E17A31CBB00B3B09F /* Resources */,
			);
			buildRules = (
			);
			dependencies = (
			);
			name = Notenapplikation;
			productName = "MyMarks-Beta";
			productReference = B6D6BDA017A31CBB00B3B09F /* Notenapplikation.app */;
			productType = "com.apple.product-type.application";
		};
/* End PBXNativeTarget section */

/* Begin PBXProject section */
		B6D6BD9817A31CBB00B3B09F /* Project object */ = {
			isa = PBXProject;
			attributes = {
				LastUpgradeCheck = 0500;
				ORGANIZATIONNAME = "Bastian Morath";
				TargetAttributes = {
					B6D6BD9F17A31CBB00B3B09F = {
						DevelopmentTeam = P374DR9DTZ;
						SystemCapabilities = {
							com.apple.InAppPurchase = {
								enabled = 0;
							};
						};
					};
				};
			};
			buildConfigurationList = B6D6BD9B17A31CBB00B3B09F /* Build configuration list for PBXProject "Notenapplikation" */;
			compatibilityVersion = "Xcode 3.2";
			developmentRegion = English;
			hasScannedForEncodings = 0;
			knownRegions = (
				en,
				Base,
				English,
				de,
			);
			mainGroup = B6D6BD9717A31CBB00B3B09F;
			productRefGroup = B6D6BDA117A31CBB00B3B09F /* Products */;
			projectDirPath = "";
			projectRoot = "";
			targets = (
				B6D6BD9F17A31CBB00B3B09F /* Notenapplikation */,
			);
		};
/* End PBXProject section */

/* Begin PBXResourcesBuildPhase section */
		B6D6BD9E17A31CBB00B3B09F /* Resources */ = {
			isa = PBXResourcesBuildPhase;
			buildActionMask = 2147483647;
			files = (
				B6072AA619BAD11A00052C59 /* Localizable.strings in Resources */,
				B617A706180F40D000189688 /* AppIcon29x29.png in Resources */,
				B6D6BDBC17A31CBC00B3B09F /* Images.xcassets in Resources */,
				B617A708180F40D000189688 /* AppIcon40x40.png in Resources */,
				B6D6BDAE17A31CBB00B3B09F /* InfoPlist.strings in Resources */,
				B617A709180F40D000189688 /* AppIcon40x40@2x.png in Resources */,
				B6D6BDB717A31CBB00B3B09F /* Main.storyboard in Resources */,
				B617A717180F423E00189688 /* App Icon.png in Resources */,
				B617A707180F40D000189688 /* AppIcon29x29@2x.png in Resources */,
				B617A715180F420D00189688 /* Launchimage_iPhone5.png in Resources */,
				B617A70C180F40D000189688 /* AppIcon76x76.png in Resources */,
				B681AF89180B46EB00A058CC /* EditIcon.png in Resources */,
				B617A70B180F40D000189688 /* AppIcon60x60@2x.png in Resources */,
				B617A70D180F40D000189688 /* AppIcon76x76@2x.png in Resources */,
				B617A70A180F40D000189688 /* AppIcon60x60.png in Resources */,
				B617A719180FE42B00189688 /* IPhone5_Background.png in Resources */,
				B617A713180F41B900189688 /* Launchimage_iPhone4.png in Resources */,
			);
			runOnlyForDeploymentPostprocessing = 0;
		};
/* End PBXResourcesBuildPhase section */

/* Begin PBXSourcesBuildPhase section */
		B6D6BD9C17A31CBB00B3B09F /* Sources */ = {
			isa = PBXSourcesBuildPhase;
			buildActionMask = 2147483647;
			files = (
				B66E5DAD19B3A82B00705C2B /* MMChooseCalculationType.m in Sources */,
				B6D6BDB417A31CBB00B3B09F /* AppDelegate.m in Sources */,
				B6D6BDDA17A31D1000B3B09F /* TableViewController.m in Sources */,
				B665A54A17A7550900CC5A74 /* AddExamController.m in Sources */,
				B672498319BB363800FAA1D0 /* MMNavigationViewButton.m in Sources */,
				B681889E19B0BEF700F0532C /* DataStore.m in Sources */,
				B681889819B0AFA200F0532C /* Model.xcdatamodeld in Sources */,
				B66E5DAA19B3A06200705C2B /* Subject.m in Sources */,
				B6072AAE19BAD5C300052C59 /* Enumerations.m in Sources */,
				B6072AAF19BAD5C300052C59 /* MMBarButtonItem.m in Sources */,
				B68188A219B0C08C00F0532C /* Exam.m in Sources */,
				B68188B519B0CC3300F0532C /* MMFactory.m in Sources */,
				B66E5DA719B39D9F00705C2B /* MMPreferencesTableViewController.m in Sources */,
				B66E5DB019B3A83800705C2B /* MMChooseSemester.m in Sources */,
				B6D6BDB017A31CBB00B3B09F /* main.m in Sources */,
				B63E900E17A48D65003EC11D /* DetailViewController.m in Sources */,
			);
			runOnlyForDeploymentPostprocessing = 0;
		};
/* End PBXSourcesBuildPhase section */

/* Begin PBXVariantGroup section */
		B6072AA419BAD11A00052C59 /* Localizable.strings */ = {
			isa = PBXVariantGroup;
			children = (
				B6072AA819BAD14400052C59 /* en */,
				B6072AA919BAD15600052C59 /* de */,
			);
			name = Localizable.strings;
			sourceTree = "<group>";
		};
		B6D6BDAC17A31CBB00B3B09F /* InfoPlist.strings */ = {
			isa = PBXVariantGroup;
			children = (
				B6D6BDAD17A31CBB00B3B09F /* en */,
				B6072AA019BA509C00052C59 /* de */,
			);
			name = InfoPlist.strings;
			sourceTree = "<group>";
		};
		B6D6BDB517A31CBB00B3B09F /* Main.storyboard */ = {
			isa = PBXVariantGroup;
			children = (
				B6D6BDB617A31CBB00B3B09F /* Base */,
				B6072A9F19BA509C00052C59 /* de */,
			);
			name = Main.storyboard;
			sourceTree = "<group>";
		};
/* End PBXVariantGroup section */

/* Begin XCBuildConfiguration section */
		B6D6BDD017A31CBC00B3B09F /* Debug */ = {
			isa = XCBuildConfiguration;
			buildSettings = {
				ALWAYS_SEARCH_USER_PATHS = NO;
				CLANG_CXX_LANGUAGE_STANDARD = "gnu++0x";
				CLANG_CXX_LIBRARY = "libc++";
				CLANG_ENABLE_MODULES = YES;
				CLANG_ENABLE_OBJC_ARC = YES;
				CLANG_WARN_BOOL_CONVERSION = YES;
				CLANG_WARN_CONSTANT_CONVERSION = YES;
				CLANG_WARN_DIRECT_OBJC_ISA_USAGE = YES_ERROR;
				CLANG_WARN_EMPTY_BODY = YES;
				CLANG_WARN_ENUM_CONVERSION = YES;
				CLANG_WARN_INT_CONVERSION = YES;
				CLANG_WARN_OBJC_ROOT_CLASS = YES_ERROR;
				CLANG_WARN__DUPLICATE_METHOD_MATCH = YES;
				CODE_SIGN_IDENTITY = "iPhone Developer";
				"CODE_SIGN_IDENTITY[sdk=iphoneos*]" = "iPhone Developer";
				COPY_PHASE_STRIP = NO;
				GCC_C_LANGUAGE_STANDARD = gnu99;
				GCC_DYNAMIC_NO_PIC = NO;
				GCC_OPTIMIZATION_LEVEL = 0;
				GCC_PREPROCESSOR_DEFINITIONS = (
					"DEBUG=1",
					"$(inherited)",
				);
				GCC_SYMBOLS_PRIVATE_EXTERN = NO;
				GCC_WARN_ABOUT_RETURN_TYPE = YES_ERROR;
				GCC_WARN_UNDECLARED_SELECTOR = YES;
				GCC_WARN_UNINITIALIZED_AUTOS = YES;
				GCC_WARN_UNUSED_FUNCTION = YES;
				GCC_WARN_UNUSED_VARIABLE = YES;
				IPHONEOS_DEPLOYMENT_TARGET = 7.0;
				ONLY_ACTIVE_ARCH = YES;
				SDKROOT = iphoneos;
			};
			name = Debug;
		};
		B6D6BDD117A31CBC00B3B09F /* Release */ = {
			isa = XCBuildConfiguration;
			buildSettings = {
				ALWAYS_SEARCH_USER_PATHS = NO;
				CLANG_CXX_LANGUAGE_STANDARD = "gnu++0x";
				CLANG_CXX_LIBRARY = "libc++";
				CLANG_ENABLE_MODULES = YES;
				CLANG_ENABLE_OBJC_ARC = YES;
				CLANG_WARN_BOOL_CONVERSION = YES;
				CLANG_WARN_CONSTANT_CONVERSION = YES;
				CLANG_WARN_DIRECT_OBJC_ISA_USAGE = YES_ERROR;
				CLANG_WARN_EMPTY_BODY = YES;
				CLANG_WARN_ENUM_CONVERSION = YES;
				CLANG_WARN_INT_CONVERSION = YES;
				CLANG_WARN_OBJC_ROOT_CLASS = YES_ERROR;
				CLANG_WARN__DUPLICATE_METHOD_MATCH = YES;
				CODE_SIGN_IDENTITY = "iPhone Developer";
				"CODE_SIGN_IDENTITY[sdk=iphoneos*]" = "iPhone Developer";
				COPY_PHASE_STRIP = YES;
				ENABLE_NS_ASSERTIONS = NO;
				GCC_C_LANGUAGE_STANDARD = gnu99;
				GCC_WARN_ABOUT_RETURN_TYPE = YES_ERROR;
				GCC_WARN_UNDECLARED_SELECTOR = YES;
				GCC_WARN_UNINITIALIZED_AUTOS = YES;
				GCC_WARN_UNUSED_FUNCTION = YES;
				GCC_WARN_UNUSED_VARIABLE = YES;
				IPHONEOS_DEPLOYMENT_TARGET = 7.0;
				SDKROOT = iphoneos;
				VALIDATE_PRODUCT = YES;
			};
			name = Release;
		};
		B6D6BDD317A31CBC00B3B09F /* Debug */ = {
			isa = XCBuildConfiguration;
			buildSettings = {
				ASSETCATALOG_COMPILER_APPICON_NAME = AppIcon;
				ASSETCATALOG_COMPILER_LAUNCHIMAGE_NAME = LaunchImage;
				CLANG_ENABLE_MODULES = YES;
				CLANG_ENABLE_OBJC_ARC = YES;
				CODE_SIGN_IDENTITY = "iPhone Developer";
				"CODE_SIGN_IDENTITY[sdk=iphoneos*]" = "iPhone Developer";
				FRAMEWORK_SEARCH_PATHS = "";
				GCC_PRECOMPILE_PREFIX_HEADER = YES;
				GCC_PREFIX_HEADER = "MyMarks-Beta/Notenapplikation-Prefix.pch";
				INFOPLIST_FILE = "MyMarks-Beta/Notenapplikation-Info.plist";
				IPHONEOS_DEPLOYMENT_TARGET = 7.0;
				LD_RUNPATH_SEARCH_PATHS = "$(inherited) @executable_path/Frameworks";
				OTHER_LDFLAGS = "-ObjC";
				PRODUCT_NAME = Notenapplikation;
				PROVISIONING_PROFILE = "";
				SWIFT_OBJC_BRIDGING_HEADER = "MyMarks-Beta/Notenapplikation-Bridging-Header.h";
				SWIFT_OPTIMIZATION_LEVEL = "-Onone";
				WRAPPER_EXTENSION = app;
			};
			name = Debug;
		};
		B6D6BDD417A31CBC00B3B09F /* Release */ = {
			isa = XCBuildConfiguration;
			buildSettings = {
				ASSETCATALOG_COMPILER_APPICON_NAME = AppIcon;
				ASSETCATALOG_COMPILER_LAUNCHIMAGE_NAME = LaunchImage;
				CLANG_ENABLE_MODULES = YES;
				CLANG_ENABLE_OBJC_ARC = YES;
				CODE_SIGN_IDENTITY = "iPhone Developer";
				"CODE_SIGN_IDENTITY[sdk=iphoneos*]" = "iPhone Developer";
				FRAMEWORK_SEARCH_PATHS = "";
				GCC_PRECOMPILE_PREFIX_HEADER = YES;
				GCC_PREFIX_HEADER = "MyMarks-Beta/Notenapplikation-Prefix.pch";
				INFOPLIST_FILE = "MyMarks-Beta/Notenapplikation-Info.plist";
				IPHONEOS_DEPLOYMENT_TARGET = 7.0;
				LD_RUNPATH_SEARCH_PATHS = "$(inherited) @executable_path/Frameworks";
				OTHER_LDFLAGS = "-ObjC";
				PRODUCT_NAME = Notenapplikation;
				PROVISIONING_PROFILE = "";
				SWIFT_OBJC_BRIDGING_HEADER = "MyMarks-Beta/Notenapplikation-Bridging-Header.h";
				WRAPPER_EXTENSION = app;
			};
			name = Release;
		};
/* End XCBuildConfiguration section */

/* Begin XCConfigurationList section */
		B6D6BD9B17A31CBB00B3B09F /* Build configuration list for PBXProject "Notenapplikation" */ = {
			isa = XCConfigurationList;
			buildConfigurations = (
				B6D6BDD017A31CBC00B3B09F /* Debug */,
				B6D6BDD117A31CBC00B3B09F /* Release */,
			);
			defaultConfigurationIsVisible = 0;
			defaultConfigurationName = Release;
		};
		B6D6BDD217A31CBC00B3B09F /* Build configuration list for PBXNativeTarget "Notenapplikation" */ = {
			isa = XCConfigurationList;
			buildConfigurations = (
				B6D6BDD317A31CBC00B3B09F /* Debug */,
				B6D6BDD417A31CBC00B3B09F /* Release */,
			);
			defaultConfigurationIsVisible = 0;
			defaultConfigurationName = Release;
		};
/* End XCConfigurationList section */

/* Begin XCVersionGroup section */
		B681889619B0AFA200F0532C /* Model.xcdatamodeld */ = {
			isa = XCVersionGroup;
			children = (
				B681889719B0AFA200F0532C /* Model.xcdatamodel */,
			);
			currentVersion = B681889719B0AFA200F0532C /* Model.xcdatamodel */;
			path = Model.xcdatamodeld;
			sourceTree = "<group>";
			versionGroupType = wrapper.xcdatamodel;
		};
/* End XCVersionGroup section */
	};
	rootObject = B6D6BD9817A31CBB00B3B09F /* Project object */;
}
